
Microsoft Visual Studio Solution File, Format Version 12.00
# Visual Studio Version 16
VisualStudioVersion = 16.0.31729.503
MinimumVisualStudioVersion = 10.0.40219.1
Project("{FAE04EC0-301F-11D3-BF4B-00C04F79EFBC}") = "knowledge contest", "knowledge contest\knowledge contest.csproj", "{EA63CF6D-0DB5-4F48-BACB-E550E196967E}"
EndProject
Global
	GlobalSection(SolutionConfigurationPlatforms) = preSolution
		Debug|Any CPU = Debug|Any CPU
		Release|Any CPU = Release|Any CPU
	EndGlobalSection
	GlobalSection(ProjectConfigurationPlatforms) = postSolution
		{EA63CF6D-0DB5-4F48-BACB-E550E196967E}.Debug|Any CPU.ActiveCfg = Debug|Any CPU
		{EA63CF6D-0DB5-4F48-BACB-E550E196967E}.Debug|Any CPU.Build.0 = Debug|Any CPU
		{EA63CF6D-0DB5-4F48-BACB-E550E196967E}.Release|Any CPU.ActiveCfg = Release|Any CPU
		{EA63CF6D-0DB5-4F48-BACB-E550E196967E}.Release|Any CPU.Build.0 = Release|Any CPU
	EndGlobalSection
	GlobalSection(SolutionProperties) = preSolution
		HideSolutionNode = FALSE
	EndGlobalSection
	GlobalSection(ExtensibilityGlobals) = postSolution
		SolutionGuid = {C252BB2A-EBB4-421A-BDBE-2072AB67DB10}
	EndGlobalSection
EndGlobal
